
Microsoft Visual Studio Solution File, Format Version 12.00
# Visual Studio Version 17
VisualStudioVersion = 17.7.34003.232
MinimumVisualStudioVersion = 10.0.40219.1
Project("{2150E333-8FDC-42A3-9474-1A3956D46DE8}") = "01_CreationalsPatterns", "01_CreationalsPatterns", "{F2386B77-C42E-43C8-8A89-C1DA19D3DFCA}"
EndProject
Project("{2150E333-8FDC-42A3-9474-1A3956D46DE8}") = "02_StructuralsPatterns", "02_StructuralsPatterns", "{C3AACDBB-31B7-423D-8FA9-C41E6C039CAB}"
EndProject
Project("{2150E333-8FDC-42A3-9474-1A3956D46DE8}") = "03_BehavioralsPatterns", "03_BehavioralsPatterns", "{AE8F46A4-887F-4B91-99AD-A883344408B6}"
EndProject
Project("{2150E333-8FDC-42A3-9474-1A3956D46DE8}") = "ChainOfResponsibilityPattern_MassUpdateData", "ChainOfResponsibilityPattern_MassUpdateData", "{0829E7AA-4263-4C01-811A-4615784DE120}"
EndProject
Project("{9A19103F-16F7-4668-BE54-9A1E7A4F7556}") = "MassUpdateData", "03_BehavioralsPatterns\ChainOfResponsibilityPattern_MassUpdateData\MassUpdateData\MassUpdateData.csproj", "{0A99B857-D6C7-45BF-90A7-87FAA9E85D1D}"
EndProject
Project("{9A19103F-16F7-4668-BE54-9A1E7A4F7556}") = "MassUpdateData.Tests", "03_BehavioralsPatterns\ChainOfResponsibilityPattern_MassUpdateData\MassUpdateData.Tests\MassUpdateData.Tests.csproj", "{39FE23A4-815C-437B-A184-CEFEF0C381A7}"
EndProject
Global
	GlobalSection(SolutionConfigurationPlatforms) = preSolution
		Debug|Any CPU = Debug|Any CPU
		Release|Any CPU = Release|Any CPU
	EndGlobalSection
	GlobalSection(ProjectConfigurationPlatforms) = postSolution
		{0A99B857-D6C7-45BF-90A7-87FAA9E85D1D}.Debug|Any CPU.ActiveCfg = Debug|Any CPU
		{0A99B857-D6C7-45BF-90A7-87FAA9E85D1D}.Debug|Any CPU.Build.0 = Debug|Any CPU
		{0A99B857-D6C7-45BF-90A7-87FAA9E85D1D}.Release|Any CPU.ActiveCfg = Release|Any CPU
		{0A99B857-D6C7-45BF-90A7-87FAA9E85D1D}.Release|Any CPU.Build.0 = Release|Any CPU
		{39FE23A4-815C-437B-A184-CEFEF0C381A7}.Debug|Any CPU.ActiveCfg = Debug|Any CPU
		{39FE23A4-815C-437B-A184-CEFEF0C381A7}.Debug|Any CPU.Build.0 = Debug|Any CPU
		{39FE23A4-815C-437B-A184-CEFEF0C381A7}.Release|Any CPU.ActiveCfg = Release|Any CPU
		{39FE23A4-815C-437B-A184-CEFEF0C381A7}.Release|Any CPU.Build.0 = Release|Any CPU
	EndGlobalSection
	GlobalSection(SolutionProperties) = preSolution
		HideSolutionNode = FALSE
	EndGlobalSection
	GlobalSection(NestedProjects) = preSolution
		{0829E7AA-4263-4C01-811A-4615784DE120} = {AE8F46A4-887F-4B91-99AD-A883344408B6}
		{0A99B857-D6C7-45BF-90A7-87FAA9E85D1D} = {0829E7AA-4263-4C01-811A-4615784DE120}
		{39FE23A4-815C-437B-A184-CEFEF0C381A7} = {0829E7AA-4263-4C01-811A-4615784DE120}
	EndGlobalSection
	GlobalSection(ExtensibilityGlobals) = postSolution
		SolutionGuid = {AC97C506-DE41-412B-BB0D-1ECD765DD65D}
	EndGlobalSection
EndGlobal
