
Microsoft Visual Studio Solution File, Format Version 12.00
# Visual Studio Version 17
VisualStudioVersion = 17.7.34003.232
MinimumVisualStudioVersion = 10.0.40219.1
Project("{FAE04EC0-301F-11D3-BF4B-00C04F79EFBC}") = "KERP.Domain", "KERP.Domain\KERP.Domain.csproj", "{7C869CF3-6A54-44C6-8E26-A0F01E81F5D6}"
EndProject
Project("{FAE04EC0-301F-11D3-BF4B-00C04F79EFBC}") = "KERP.Application", "KERP.Application\KERP.Application.csproj", "{BC5E3110-66FA-46AB-91F0-80AAEF1A9BDD}"
EndProject
Project("{FAE04EC0-301F-11D3-BF4B-00C04F79EFBC}") = "KERP.Infrastructure", "KERP.Infrastructure\KERP.Infrastructure.csproj", "{BA8C17BA-DF0B-4AEA-BD5C-198E74DA87F9}"
EndProject
Project("{FAE04EC0-301F-11D3-BF4B-00C04F79EFBC}") = "KERP.BlazorUI", "KERP.BlazorUI\KERP.BlazorUI.csproj", "{5E565F12-A650-4012-8053-4B97D8DD7DF3}"
EndProject
Project("{2150E333-8FDC-42A3-9474-1A3956D46DE8}") = "tests", "tests", "{02EA681E-C7D8-13C7-8484-4AC65E1B71E8}"
EndProject
Project("{FAE04EC0-301F-11D3-BF4B-00C04F79EFBC}") = "KERP.Application.UnitTests", "tests\KERP.Application.UnitTests\KERP.Application.UnitTests.csproj", "{9E7730E7-FC5C-4CD2-AD48-C0A734168521}"
EndProject
Global
	GlobalSection(SolutionConfigurationPlatforms) = preSolution
		Debug|Any CPU = Debug|Any CPU
		Release|Any CPU = Release|Any CPU
	EndGlobalSection
	GlobalSection(ProjectConfigurationPlatforms) = postSolution
		{7C869CF3-6A54-44C6-8E26-A0F01E81F5D6}.Debug|Any CPU.ActiveCfg = Debug|Any CPU
		{7C869CF3-6A54-44C6-8E26-A0F01E81F5D6}.Debug|Any CPU.Build.0 = Debug|Any CPU
		{7C869CF3-6A54-44C6-8E26-A0F01E81F5D6}.Release|Any CPU.ActiveCfg = Release|Any CPU
		{7C869CF3-6A54-44C6-8E26-A0F01E81F5D6}.Release|Any CPU.Build.0 = Release|Any CPU
		{BC5E3110-66FA-46AB-91F0-80AAEF1A9BDD}.Debug|Any CPU.ActiveCfg = Debug|Any CPU
		{BC5E3110-66FA-46AB-91F0-80AAEF1A9BDD}.Debug|Any CPU.Build.0 = Debug|Any CPU
		{BC5E3110-66FA-46AB-91F0-80AAEF1A9BDD}.Release|Any CPU.ActiveCfg = Release|Any CPU
		{BC5E3110-66FA-46AB-91F0-80AAEF1A9BDD}.Release|Any CPU.Build.0 = Release|Any CPU
		{BA8C17BA-DF0B-4AEA-BD5C-198E74DA87F9}.Debug|Any CPU.ActiveCfg = Debug|Any CPU
		{BA8C17BA-DF0B-4AEA-BD5C-198E74DA87F9}.Debug|Any CPU.Build.0 = Debug|Any CPU
		{BA8C17BA-DF0B-4AEA-BD5C-198E74DA87F9}.Release|Any CPU.ActiveCfg = Release|Any CPU
		{BA8C17BA-DF0B-4AEA-BD5C-198E74DA87F9}.Release|Any CPU.Build.0 = Release|Any CPU
		{5E565F12-A650-4012-8053-4B97D8DD7DF3}.Debug|Any CPU.ActiveCfg = Debug|Any CPU
		{5E565F12-A650-4012-8053-4B97D8DD7DF3}.Debug|Any CPU.Build.0 = Debug|Any CPU
		{5E565F12-A650-4012-8053-4B97D8DD7DF3}.Release|Any CPU.ActiveCfg = Release|Any CPU
		{5E565F12-A650-4012-8053-4B97D8DD7DF3}.Release|Any CPU.Build.0 = Release|Any CPU
		{9E7730E7-FC5C-4CD2-AD48-C0A734168521}.Debug|Any CPU.ActiveCfg = Debug|Any CPU
		{9E7730E7-FC5C-4CD2-AD48-C0A734168521}.Debug|Any CPU.Build.0 = Debug|Any CPU
		{9E7730E7-FC5C-4CD2-AD48-C0A734168521}.Release|Any CPU.ActiveCfg = Release|Any CPU
		{9E7730E7-FC5C-4CD2-AD48-C0A734168521}.Release|Any CPU.Build.0 = Release|Any CPU
	EndGlobalSection
	GlobalSection(SolutionProperties) = preSolution
		HideSolutionNode = FALSE
	EndGlobalSection
	GlobalSection(NestedProjects) = preSolution
		{9E7730E7-FC5C-4CD2-AD48-C0A734168521} = {02EA681E-C7D8-13C7-8484-4AC65E1B71E8}
	EndGlobalSection
	GlobalSection(ExtensibilityGlobals) = postSolution
		SolutionGuid = {AC97C506-DE41-412B-BB0D-1ECD765DD65D}
	EndGlobalSection
EndGlobal
