
Microsoft Visual Studio Solution File, Format Version 12.00
# Visual Studio Version 17
VisualStudioVersion = 17.7.34003.232
MinimumVisualStudioVersion = 10.0.40219.1
Project("{FAE04EC0-301F-11D3-BF4B-00C04F79EFBC}") = "KERP.BlazorUI", "KERP.BlazorUI\KERP.BlazorUI.csproj", "{E3B63D61-8F17-4A5A-AD92-90B8D2F56652}"
EndProject
Project("{FAE04EC0-301F-11D3-BF4B-00C04F79EFBC}") = "KERP.Domain", "KERP.Domain\KERP.Domain.csproj", "{7C869CF3-6A54-44C6-8E26-A0F01E81F5D6}"
EndProject
Project("{FAE04EC0-301F-11D3-BF4B-00C04F79EFBC}") = "KERP.Application", "KERP.Application\KERP.Application.csproj", "{BC5E3110-66FA-46AB-91F0-80AAEF1A9BDD}"
EndProject
Project("{FAE04EC0-301F-11D3-BF4B-00C04F79EFBC}") = "KERP.Infrastructure", "KERP.Infrastructure\KERP.Infrastructure.csproj", "{BA8C17BA-DF0B-4AEA-BD5C-198E74DA87F9}"
EndProject
Project("{FAE04EC0-301F-11D3-BF4B-00C04F79EFBC}") = "KERP.Tests", "KERP.Tests\KERP.Tests.csproj", "{F5A468F2-3C5A-4879-8790-68322E628698}"
EndProject
Global
	GlobalSection(SolutionConfigurationPlatforms) = preSolution
		Debug|Any CPU = Debug|Any CPU
		Release|Any CPU = Release|Any CPU
	EndGlobalSection
	GlobalSection(ProjectConfigurationPlatforms) = postSolution
		{E3B63D61-8F17-4A5A-AD92-90B8D2F56652}.Debug|Any CPU.ActiveCfg = Debug|Any CPU
		{E3B63D61-8F17-4A5A-AD92-90B8D2F56652}.Debug|Any CPU.Build.0 = Debug|Any CPU
		{E3B63D61-8F17-4A5A-AD92-90B8D2F56652}.Release|Any CPU.ActiveCfg = Release|Any CPU
		{E3B63D61-8F17-4A5A-AD92-90B8D2F56652}.Release|Any CPU.Build.0 = Release|Any CPU
		{7C869CF3-6A54-44C6-8E26-A0F01E81F5D6}.Debug|Any CPU.ActiveCfg = Debug|Any CPU
		{7C869CF3-6A54-44C6-8E26-A0F01E81F5D6}.Debug|Any CPU.Build.0 = Debug|Any CPU
		{7C869CF3-6A54-44C6-8E26-A0F01E81F5D6}.Release|Any CPU.ActiveCfg = Release|Any CPU
		{7C869CF3-6A54-44C6-8E26-A0F01E81F5D6}.Release|Any CPU.Build.0 = Release|Any CPU
		{BC5E3110-66FA-46AB-91F0-80AAEF1A9BDD}.Debug|Any CPU.ActiveCfg = Debug|Any CPU
		{BC5E3110-66FA-46AB-91F0-80AAEF1A9BDD}.Debug|Any CPU.Build.0 = Debug|Any CPU
		{BC5E3110-66FA-46AB-91F0-80AAEF1A9BDD}.Release|Any CPU.ActiveCfg = Release|Any CPU
		{BC5E3110-66FA-46AB-91F0-80AAEF1A9BDD}.Release|Any CPU.Build.0 = Release|Any CPU
		{BA8C17BA-DF0B-4AEA-BD5C-198E74DA87F9}.Debug|Any CPU.ActiveCfg = Debug|Any CPU
		{BA8C17BA-DF0B-4AEA-BD5C-198E74DA87F9}.Debug|Any CPU.Build.0 = Debug|Any CPU
		{BA8C17BA-DF0B-4AEA-BD5C-198E74DA87F9}.Release|Any CPU.ActiveCfg = Release|Any CPU
		{BA8C17BA-DF0B-4AEA-BD5C-198E74DA87F9}.Release|Any CPU.Build.0 = Release|Any CPU
		{F5A468F2-3C5A-4879-8790-68322E628698}.Debug|Any CPU.ActiveCfg = Debug|Any CPU
		{F5A468F2-3C5A-4879-8790-68322E628698}.Debug|Any CPU.Build.0 = Debug|Any CPU
		{F5A468F2-3C5A-4879-8790-68322E628698}.Release|Any CPU.ActiveCfg = Release|Any CPU
		{F5A468F2-3C5A-4879-8790-68322E628698}.Release|Any CPU.Build.0 = Release|Any CPU
	EndGlobalSection
	GlobalSection(SolutionProperties) = preSolution
		HideSolutionNode = FALSE
	EndGlobalSection
	GlobalSection(ExtensibilityGlobals) = postSolution
		SolutionGuid = {AC97C506-DE41-412B-BB0D-1ECD765DD65D}
	EndGlobalSection
EndGlobal
