
Microsoft Visual Studio Solution File, Format Version 12.00
# Visual Studio Version 17
VisualStudioVersion = 17.7.34003.232
MinimumVisualStudioVersion = 10.0.40219.1
Project("{9A19103F-16F7-4668-BE54-9A1E7A4F7556}") = "KERP.Core", "KERP.Core\KERP.Core.csproj", "{79FA0687-A454-486D-9D32-4BBE744213C9}"
EndProject
Project("{9A19103F-16F7-4668-BE54-9A1E7A4F7556}") = "KERP.Infrastructure", "KERP.Infrastructure\KERP.Infrastructure.csproj", "{48AAB1DA-550D-4757-B714-84DEF6DB7D14}"
EndProject
Project("{9A19103F-16F7-4668-BE54-9A1E7A4F7556}") = "KERP.BlazorUI", "KERP.BlazorUI\KERP.BlazorUI.csproj", "{1644D3FE-9EE7-4B2B-A845-2B60B810F370}"
EndProject
Global
	GlobalSection(SolutionConfigurationPlatforms) = preSolution
		Debug|Any CPU = Debug|Any CPU
		Release|Any CPU = Release|Any CPU
	EndGlobalSection
	GlobalSection(ProjectConfigurationPlatforms) = postSolution
		{79FA0687-A454-486D-9D32-4BBE744213C9}.Debug|Any CPU.ActiveCfg = Debug|Any CPU
		{79FA0687-A454-486D-9D32-4BBE744213C9}.Debug|Any CPU.Build.0 = Debug|Any CPU
		{79FA0687-A454-486D-9D32-4BBE744213C9}.Release|Any CPU.ActiveCfg = Release|Any CPU
		{79FA0687-A454-486D-9D32-4BBE744213C9}.Release|Any CPU.Build.0 = Release|Any CPU
		{48AAB1DA-550D-4757-B714-84DEF6DB7D14}.Debug|Any CPU.ActiveCfg = Debug|Any CPU
		{48AAB1DA-550D-4757-B714-84DEF6DB7D14}.Debug|Any CPU.Build.0 = Debug|Any CPU
		{48AAB1DA-550D-4757-B714-84DEF6DB7D14}.Release|Any CPU.ActiveCfg = Release|Any CPU
		{48AAB1DA-550D-4757-B714-84DEF6DB7D14}.Release|Any CPU.Build.0 = Release|Any CPU
		{1644D3FE-9EE7-4B2B-A845-2B60B810F370}.Debug|Any CPU.ActiveCfg = Debug|Any CPU
		{1644D3FE-9EE7-4B2B-A845-2B60B810F370}.Debug|Any CPU.Build.0 = Debug|Any CPU
		{1644D3FE-9EE7-4B2B-A845-2B60B810F370}.Release|Any CPU.ActiveCfg = Release|Any CPU
		{1644D3FE-9EE7-4B2B-A845-2B60B810F370}.Release|Any CPU.Build.0 = Release|Any CPU
	EndGlobalSection
	GlobalSection(SolutionProperties) = preSolution
		HideSolutionNode = FALSE
	EndGlobalSection
	GlobalSection(ExtensibilityGlobals) = postSolution
		SolutionGuid = {AC97C506-DE41-412B-BB0D-1ECD765DD65D}
	EndGlobalSection
EndGlobal
