
Microsoft Visual Studio Solution File, Format Version 12.00
# Visual Studio Version 17
VisualStudioVersion = 17.7.34003.232
MinimumVisualStudioVersion = 10.0.40219.1
Project("{9A19103F-16F7-4668-BE54-9A1E7A4F7556}") = "KERP.Infrastructure", "KERP.Infrastructure\KERP.Infrastructure.csproj", "{48AAB1DA-550D-4757-B714-84DEF6DB7D14}"
EndProject
Project("{9A19103F-16F7-4668-BE54-9A1E7A4F7556}") = "KERP.BlazorUI", "KERP.BlazorUI\KERP.BlazorUI.csproj", "{1644D3FE-9EE7-4B2B-A845-2B60B810F370}"
EndProject
Project("{9A19103F-16F7-4668-BE54-9A1E7A4F7556}") = "KERP.Tests", "KERP.Tests\KERP.Tests.csproj", "{DB1C7E5B-35BC-4B50-8F60-B204874C3E47}"
EndProject
Project("{FAE04EC0-301F-11D3-BF4B-00C04F79EFBC}") = "KERP.Application", "KERP.Application\KERP.Application.csproj", "{45D1AB62-37DC-4A27-9A74-E2C3F8138C15}"
EndProject
Project("{FAE04EC0-301F-11D3-BF4B-00C04F79EFBC}") = "KERP.Domain", "KERP.Domain\KERP.Domain.csproj", "{F815BD27-D78D-47F3-A237-BDABEBE62CC6}"
EndProject
Global
	GlobalSection(SolutionConfigurationPlatforms) = preSolution
		Debug|Any CPU = Debug|Any CPU
		Release|Any CPU = Release|Any CPU
	EndGlobalSection
	GlobalSection(ProjectConfigurationPlatforms) = postSolution
		{48AAB1DA-550D-4757-B714-84DEF6DB7D14}.Debug|Any CPU.ActiveCfg = Debug|Any CPU
		{48AAB1DA-550D-4757-B714-84DEF6DB7D14}.Debug|Any CPU.Build.0 = Debug|Any CPU
		{48AAB1DA-550D-4757-B714-84DEF6DB7D14}.Release|Any CPU.ActiveCfg = Release|Any CPU
		{48AAB1DA-550D-4757-B714-84DEF6DB7D14}.Release|Any CPU.Build.0 = Release|Any CPU
		{1644D3FE-9EE7-4B2B-A845-2B60B810F370}.Debug|Any CPU.ActiveCfg = Debug|Any CPU
		{1644D3FE-9EE7-4B2B-A845-2B60B810F370}.Debug|Any CPU.Build.0 = Debug|Any CPU
		{1644D3FE-9EE7-4B2B-A845-2B60B810F370}.Release|Any CPU.ActiveCfg = Release|Any CPU
		{1644D3FE-9EE7-4B2B-A845-2B60B810F370}.Release|Any CPU.Build.0 = Release|Any CPU
		{DB1C7E5B-35BC-4B50-8F60-B204874C3E47}.Debug|Any CPU.ActiveCfg = Debug|Any CPU
		{DB1C7E5B-35BC-4B50-8F60-B204874C3E47}.Debug|Any CPU.Build.0 = Debug|Any CPU
		{DB1C7E5B-35BC-4B50-8F60-B204874C3E47}.Release|Any CPU.ActiveCfg = Release|Any CPU
		{DB1C7E5B-35BC-4B50-8F60-B204874C3E47}.Release|Any CPU.Build.0 = Release|Any CPU
		{45D1AB62-37DC-4A27-9A74-E2C3F8138C15}.Debug|Any CPU.ActiveCfg = Debug|Any CPU
		{45D1AB62-37DC-4A27-9A74-E2C3F8138C15}.Debug|Any CPU.Build.0 = Debug|Any CPU
		{45D1AB62-37DC-4A27-9A74-E2C3F8138C15}.Release|Any CPU.ActiveCfg = Release|Any CPU
		{45D1AB62-37DC-4A27-9A74-E2C3F8138C15}.Release|Any CPU.Build.0 = Release|Any CPU
		{F815BD27-D78D-47F3-A237-BDABEBE62CC6}.Debug|Any CPU.ActiveCfg = Debug|Any CPU
		{F815BD27-D78D-47F3-A237-BDABEBE62CC6}.Debug|Any CPU.Build.0 = Debug|Any CPU
		{F815BD27-D78D-47F3-A237-BDABEBE62CC6}.Release|Any CPU.ActiveCfg = Release|Any CPU
		{F815BD27-D78D-47F3-A237-BDABEBE62CC6}.Release|Any CPU.Build.0 = Release|Any CPU
	EndGlobalSection
	GlobalSection(SolutionProperties) = preSolution
		HideSolutionNode = FALSE
	EndGlobalSection
	GlobalSection(ExtensibilityGlobals) = postSolution
		SolutionGuid = {AC97C506-DE41-412B-BB0D-1ECD765DD65D}
	EndGlobalSection
EndGlobal
